
Microsoft Visual Studio Solution File, Format Version 12.00
# Visual Studio Version 16
VisualStudioVersion = 16.0.30804.86
MinimumVisualStudioVersion = 10.0.40219.1
Project("{8BC9CEB8-8B4A-11D0-8D11-00A0C91BC942}") = "maliao", "maliao.vcxproj", "{A1049D72-9999-43B7-A066-8B3F6B4876C2}"
EndProject
Global
	GlobalSection(SolutionConfigurationPlatforms) = preSolution
		Debug|Any CPU = Debug|Any CPU
		Debug|Mixed Platforms = Debug|Mixed Platforms
		Debug|Win32 = Debug|Win32
		Debug|x64 = Debug|x64
		Debug|x86 = Debug|x86
		Release|Any CPU = Release|Any CPU
		Release|Mixed Platforms = Release|Mixed Platforms
		Release|Win32 = Release|Win32
		Release|x64 = Release|x64
		Release|x86 = Release|x86
	EndGlobalSection
	GlobalSection(ProjectConfigurationPlatforms) = postSolution
		{A1049D72-9999-43B7-A066-8B3F6B4876C2}.Debug|Any CPU.ActiveCfg = Debug|Win32
		{A1049D72-9999-43B7-A066-8B3F6B4876C2}.Debug|Mixed Platforms.ActiveCfg = Debug|Win32
		{A1049D72-9999-43B7-A066-8B3F6B4876C2}.Debug|Mixed Platforms.Build.0 = Debug|Win32
		{A1049D72-9999-43B7-A066-8B3F6B4876C2}.Debug|Win32.ActiveCfg = Debug|Win32
		{A1049D72-9999-43B7-A066-8B3F6B4876C2}.Debug|Win32.Build.0 = Debug|Win32
		{A1049D72-9999-43B7-A066-8B3F6B4876C2}.Debug|x64.ActiveCfg = Debug|Win32
		{A1049D72-9999-43B7-A066-8B3F6B4876C2}.Debug|x86.ActiveCfg = Debug|Win32
		{A1049D72-9999-43B7-A066-8B3F6B4876C2}.Debug|x86.Build.0 = Debug|Win32
		{A1049D72-9999-43B7-A066-8B3F6B4876C2}.Release|Any CPU.ActiveCfg = Release|Win32
		{A1049D72-9999-43B7-A066-8B3F6B4876C2}.Release|Mixed Platforms.ActiveCfg = Release|Win32
		{A1049D72-9999-43B7-A066-8B3F6B4876C2}.Release|Mixed Platforms.Build.0 = Release|Win32
		{A1049D72-9999-43B7-A066-8B3F6B4876C2}.Release|Win32.ActiveCfg = Release|Win32
		{A1049D72-9999-43B7-A066-8B3F6B4876C2}.Release|Win32.Build.0 = Release|Win32
		{A1049D72-9999-43B7-A066-8B3F6B4876C2}.Release|x64.ActiveCfg = Release|Win32
		{A1049D72-9999-43B7-A066-8B3F6B4876C2}.Release|x86.ActiveCfg = Release|Win32
		{A1049D72-9999-43B7-A066-8B3F6B4876C2}.Release|x86.Build.0 = Release|Win32
	EndGlobalSection
	GlobalSection(SolutionProperties) = preSolution
		HideSolutionNode = FALSE
	EndGlobalSection
	GlobalSection(ExtensibilityGlobals) = postSolution
		SolutionGuid = {67FC99C1-47DE-455E-B881-481C5F29CE6B}
	EndGlobalSection
EndGlobal
