<?xml version="1.0" encoding="utf-8"?>
<Project ToolsVersion="4.0" xmlns="http://schemas.microsoft.com/developer/msbuild/2003">
  <ItemGroup>
    <Filter Include="Source Files">
      <UniqueIdentifier>{98e0fbc0-4381-4c19-b968-d7719f395b53}</UniqueIdentifier>
      <Extensions>cpp;c;cxx;rc;def;r;odl;idl;hpj;bat</Extensions>
    </Filter>
    <Filter Include="Header Files">
      <UniqueIdentifier>{66e5ea9c-98c6-48a9-90af-3084a27c019e}</UniqueIdentifier>
      <Extensions>h;hpp;hxx;hm;inl</Extensions>
    </Filter>
    <Filter Include="Resource Files">
      <UniqueIdentifier>{bd5e6015-4c39-4f48-9099-6855104b3f3a}</UniqueIdentifier>
      <Extensions>ico;cur;bmp;dlg;rc2;rct;bin;rgs;gif;jpg;jpeg;jpe</Extensions>
    </Filter>
  </ItemGroup>
  <ItemGroup>
    <ClCompile Include="element.cpp">
      <Filter>Source Files</Filter>
    </ClCompile>
    <ClCompile Include="food.cpp">
      <Filter>Source Files</Filter>
    </ClCompile>
    <ClCompile Include="info.cpp">
      <Filter>Source Files</Filter>
    </ClCompile>
    <ClCompile Include="interface.cpp">
      <Filter>Source Files</Filter>
    </ClCompile>
    <ClCompile Include="snake.cpp">
      <Filter>Source Files</Filter>
    </ClCompile>
    <ClCompile Include="startup.cpp">
      <Filter>Source Files</Filter>
    </ClCompile>
  </ItemGroup>
  <ItemGroup>
    <ResourceCompile Include="icon.rc">
      <Filter>Source Files</Filter>
    </ResourceCompile>
  </ItemGroup>
  <ItemGroup>
    <ClInclude Include="element.h">
      <Filter>Header Files</Filter>
    </ClInclude>
    <ClInclude Include="game.h">
      <Filter>Header Files</Filter>
    </ClInclude>
    <ClInclude Include="interface.h">
      <Filter>Header Files</Filter>
    </ClInclude>
    <ClInclude Include="startup.h">
      <Filter>Header Files</Filter>
    </ClInclude>
  </ItemGroup>
  <ItemGroup>
    <Image Include="tonys_snake.ico">
      <Filter>Resource Files</Filter>
    </Image>
  </ItemGroup>
</Project>